// !$*UTF8*$!
{
	archiveVersion = 1;
	classes = {
	};
	objectVersion = 50;
	objects = {

/* Begin PBXBuildFile section */
		8DF27564246BEC3E00F9ECDC /* AppDelegate.swift in Sources */ = {isa = PBXBuildFile; fileRef = 8DF27563246BEC3E00F9ECDC /* AppDelegate.swift */; };
		8DF27566246BEC3E00F9ECDC /* SceneDelegate.swift in Sources */ = {isa = PBXBuildFile; fileRef = 8DF27565246BEC3E00F9ECDC /* SceneDelegate.swift */; };
		8DF27568246BEC3E00F9ECDC /* ContentView.swift in Sources */ = {isa = PBXBuildFile; fileRef = 8DF27567246BEC3E00F9ECDC /* ContentView.swift */; };
		8DF2756A246BEC3F00F9ECDC /* Assets.xcassets in Resources */ = {isa = PBXBuildFile; fileRef = 8DF27569246BEC3F00F9ECDC /* Assets.xcassets */; };
		8DF2756D246BEC3F00F9ECDC /* Preview Assets.xcassets in Resources */ = {isa = PBXBuildFile; fileRef = 8DF2756C246BEC3F00F9ECDC /* Preview Assets.xcassets */; };
		8DF27570246BEC3F00F9ECDC /* LaunchScreen.storyboard in Resources */ = {isa = PBXBuildFile; fileRef = 8DF2756E246BEC3F00F9ECDC /* LaunchScreen.storyboard */; };
		8DF27579246BEE8D00F9ECDC /* NetworkManager.swift in Sources */ = {isa = PBXBuildFile; fileRef = 8DF27578246BEE8D00F9ECDC /* NetworkManager.swift */; };
		8DF2757B246BEFE000F9ECDC /* PostData.swift in Sources */ = {isa = PBXBuildFile; fileRef = 8DF2757A246BEFE000F9ECDC /* PostData.swift */; };
		8DF2757E246BF45400F9ECDC /* DetailView.swift in Sources */ = {isa = PBXBuildFile; fileRef = 8DF2757D246BF45400F9ECDC /* DetailView.swift */; };
		8DF27580246BFBDB00F9ECDC /* WebView.swift in Sources */ = {isa = PBXBuildFile; fileRef = 8DF2757F246BFBDB00F9ECDC /* WebView.swift */; };
/* End PBXBuildFile section */

/* Begin PBXFileReference section */
		8DF27560246BEC3E00F9ECDC /* News Update.app */ = {isa = PBXFileReference; explicitFileType = wrapper.application; includeInIndex = 0; path = "News Update.app"; sourceTree = BUILT_PRODUCTS_DIR; };
		8DF27563246BEC3E00F9ECDC /* AppDelegate.swift */ = {isa = PBXFileReference; lastKnownFileType = sourcecode.swift; path = AppDelegate.swift; sourceTree = "<group>"; };
		8DF27565246BEC3E00F9ECDC /* SceneDelegate.swift */ = {isa = PBXFileReference; lastKnownFileType = sourcecode.swift; path = SceneDelegate.swift; sourceTree = "<group>"; };
		8DF27567246BEC3E00F9ECDC /* ContentView.swift */ = {isa = PBXFileReference; lastKnownFileType = sourcecode.swift; path = ContentView.swift; sourceTree = "<group>"; };
		8DF27569246BEC3F00F9ECDC /* Assets.xcassets */ = {isa = PBXFileReference; lastKnownFileType = folder.assetcatalog; path = Assets.xcassets; sourceTree = "<group>"; };
		8DF2756C246BEC3F00F9ECDC /* Preview Assets.xcassets */ = {isa = PBXFileReference; lastKnownFileType = folder.assetcatalog; path = "Preview Assets.xcassets"; sourceTree = "<group>"; };
		8DF2756F246BEC3F00F9ECDC /* Base */ = {isa = PBXFileReference; lastKnownFileType = file.storyboard; name = Base; path = Base.lproj/LaunchScreen.storyboard; sourceTree = "<group>"; };
		8DF27571246BEC3F00F9ECDC /* Info.plist */ = {isa = PBXFileReference; lastKnownFileType = text.plist.xml; path = Info.plist; sourceTree = "<group>"; };
		8DF27578246BEE8D00F9ECDC /* NetworkManager.swift */ = {isa = PBXFileReference; lastKnownFileType = sourcecode.swift; path = NetworkManager.swift; sourceTree = "<group>"; };
		8DF2757A246BEFE000F9ECDC /* PostData.swift */ = {isa = PBXFileReference; lastKnownFileType = sourcecode.swift; path = PostData.swift; sourceTree = "<group>"; };
		8DF2757D246BF45400F9ECDC /* DetailView.swift */ = {isa = PBXFileReference; lastKnownFileType = sourcecode.swift; path = DetailView.swift; sourceTree = "<group>"; };
		8DF2757F246BFBDB00F9ECDC /* WebView.swift */ = {isa = PBXFileReference; lastKnownFileType = sourcecode.swift; path = WebView.swift; sourceTree = "<group>"; };
		8DF27581246BFD4B00F9ECDC /* News Update.entitlements */ = {isa = PBXFileReference; lastKnownFileType = text.plist.entitlements; path = "News Update.entitlements"; sourceTree = "<group>"; };
/* End PBXFileReference section */

/* Begin PBXFrameworksBuildPhase section */
		8DF2755D246BEC3E00F9ECDC /* Frameworks */ = {
			isa = PBXFrameworksBuildPhase;
			buildActionMask = 2147483647;
			files = (
			);
			runOnlyForDeploymentPostprocessing = 0;
		};
/* End PBXFrameworksBuildPhase section */

/* Begin PBXGroup section */
		8DF27557246BEC3E00F9ECDC = {
			isa = PBXGroup;
			children = (
				8DF27562246BEC3E00F9ECDC /* News Update */,
				8DF27561246BEC3E00F9ECDC /* Products */,
			);
			sourceTree = "<group>";
		};
		8DF27561246BEC3E00F9ECDC /* Products */ = {
			isa = PBXGroup;
			children = (
				8DF27560246BEC3E00F9ECDC /* News Update.app */,
			);
			name = Products;
			sourceTree = "<group>";
		};
		8DF27562246BEC3E00F9ECDC /* News Update */ = {
			isa = PBXGroup;
			children = (
				8DF27581246BFD4B00F9ECDC /* News Update.entitlements */,
				8DF27563246BEC3E00F9ECDC /* AppDelegate.swift */,
				8DF27565246BEC3E00F9ECDC /* SceneDelegate.swift */,
				8DF2757C246BF44200F9ECDC /* Views */,
				8DF27577246BEE7300F9ECDC /* Model */,
				8DF27569246BEC3F00F9ECDC /* Assets.xcassets */,
				8DF2756E246BEC3F00F9ECDC /* LaunchScreen.storyboard */,
				8DF27571246BEC3F00F9ECDC /* Info.plist */,
				8DF2756B246BEC3F00F9ECDC /* Preview Content */,
			);
			path = "News Update";
			sourceTree = "<group>";
		};
		8DF2756B246BEC3F00F9ECDC /* Preview Content */ = {
			isa = PBXGroup;
			children = (
				8DF2756C246BEC3F00F9ECDC /* Preview Assets.xcassets */,
			);
			path = "Preview Content";
			sourceTree = "<group>";
		};
		8DF27577246BEE7300F9ECDC /* Model */ = {
			isa = PBXGroup;
			children = (
				8DF27578246BEE8D00F9ECDC /* NetworkManager.swift */,
				8DF2757A246BEFE000F9ECDC /* PostData.swift */,
			);
			path = Model;
			sourceTree = "<group>";
		};
		8DF2757C246BF44200F9ECDC /* Views */ = {
			isa = PBXGroup;
			children = (
				8DF27567246BEC3E00F9ECDC /* ContentView.swift */,
				8DF2757D246BF45400F9ECDC /* DetailView.swift */,
				8DF2757F246BFBDB00F9ECDC /* WebView.swift */,
			);
			path = Views;
			sourceTree = "<group>";
		};
/* End PBXGroup section */

/* Begin PBXNativeTarget section */
		8DF2755F246BEC3E00F9ECDC /* News Update */ = {
			isa = PBXNativeTarget;
			buildConfigurationList = 8DF27574246BEC3F00F9ECDC /* Build configuration list for PBXNativeTarget "News Update" */;
			buildPhases = (
				8DF2755C246BEC3E00F9ECDC /* Sources */,
				8DF2755D246BEC3E00F9ECDC /* Frameworks */,
				8DF2755E246BEC3E00F9ECDC /* Resources */,
			);
			buildRules = (
			);
			dependencies = (
			);
			name = "News Update";
			productName = "News Update";
			productReference = 8DF27560246BEC3E00F9ECDC /* News Update.app */;
			productType = "com.apple.product-type.application";
		};
/* End PBXNativeTarget section */

/* Begin PBXProject section */
		8DF27558246BEC3E00F9ECDC /* Project object */ = {
			isa = PBXProject;
			attributes = {
				LastSwiftUpdateCheck = 1130;
				LastUpgradeCheck = 1130;
				ORGANIZATIONNAME = "Kruthika KP";
				TargetAttributes = {
					8DF2755F246BEC3E00F9ECDC = {
						CreatedOnToolsVersion = 11.3;
					};
				};
			};
			buildConfigurationList = 8DF2755B246BEC3E00F9ECDC /* Build configuration list for PBXProject "News Update" */;
			compatibilityVersion = "Xcode 9.3";
			developmentRegion = en;
			hasScannedForEncodings = 0;
			knownRegions = (
				en,
				Base,
			);
			mainGroup = 8DF27557246BEC3E00F9ECDC;
			productRefGroup = 8DF27561246BEC3E00F9ECDC /* Products */;
			projectDirPath = "";
			projectRoot = "";
			targets = (
				8DF2755F246BEC3E00F9ECDC /* News Update */,
			);
		};
/* End PBXProject section */

/* Begin PBXResourcesBuildPhase section */
		8DF2755E246BEC3E00F9ECDC /* Resources */ = {
			isa = PBXResourcesBuildPhase;
			buildActionMask = 2147483647;
			files = (
				8DF27570246BEC3F00F9ECDC /* LaunchScreen.storyboard in Resources */,
				8DF2756D246BEC3F00F9ECDC /* Preview Assets.xcassets in Resources */,
				8DF2756A246BEC3F00F9ECDC /* Assets.xcassets in Resources */,
			);
			runOnlyForDeploymentPostprocessing = 0;
		};
/* End PBXResourcesBuildPhase section */

/* Begin PBXSourcesBuildPhase section */
		8DF2755C246BEC3E00F9ECDC /* Sources */ = {
			isa = PBXSourcesBuildPhase;
			buildActionMask = 2147483647;
			files = (
				8DF2757B246BEFE000F9ECDC /* PostData.swift in Sources */,
				8DF2757E246BF45400F9ECDC /* DetailView.swift in Sources */,
				8DF27579246BEE8D00F9ECDC /* NetworkManager.swift in Sources */,
				8DF27564246BEC3E00F9ECDC /* AppDelegate.swift in Sources */,
				8DF27566246BEC3E00F9ECDC /* SceneDelegate.swift in Sources */,
				8DF27568246BEC3E00F9ECDC /* ContentView.swift in Sources */,
				8DF27580246BFBDB00F9ECDC /* WebView.swift in Sources */,
			);
			runOnlyForDeploymentPostprocessing = 0;
		};
/* End PBXSourcesBuildPhase section */

/* Begin PBXVariantGroup section */
		8DF2756E246BEC3F00F9ECDC /* LaunchScreen.storyboard */ = {
			isa = PBXVariantGroup;
			children = (
				8DF2756F246BEC3F00F9ECDC /* Base */,
			);
			name = LaunchScreen.storyboard;
			sourceTree = "<group>";
		};
/* End PBXVariantGroup section */

/* Begin XCBuildConfiguration section */
		8DF27572246BEC3F00F9ECDC /* Debug */ = {
			isa = XCBuildConfiguration;
			buildSettings = {
				ALWAYS_SEARCH_USER_PATHS = NO;
				CLANG_ANALYZER_NONNULL = YES;
				CLANG_ANALYZER_NUMBER_OBJECT_CONVERSION = YES_AGGRESSIVE;
				CLANG_CXX_LANGUAGE_STANDARD = "gnu++14";
				CLANG_CXX_LIBRARY = "libc++";
				CLANG_ENABLE_MODULES = YES;
				CLANG_ENABLE_OBJC_ARC = YES;
				CLANG_ENABLE_OBJC_WEAK = YES;
				CLANG_WARN_BLOCK_CAPTURE_AUTORELEASING = YES;
				CLANG_WARN_BOOL_CONVERSION = YES;
				CLANG_WARN_COMMA = YES;
				CLANG_WARN_CONSTANT_CONVERSION = YES;
				CLANG_WARN_DEPRECATED_OBJC_IMPLEMENTATIONS = YES;
				CLANG_WARN_DIRECT_OBJC_ISA_USAGE = YES_ERROR;
				CLANG_WARN_DOCUMENTATION_COMMENTS = YES;
				CLANG_WARN_EMPTY_BODY = YES;
				CLANG_WARN_ENUM_CONVERSION = YES;
				CLANG_WARN_INFINITE_RECURSION = YES;
				CLANG_WARN_INT_CONVERSION = YES;
				CLANG_WARN_NON_LITERAL_NULL_CONVERSION = YES;
				CLANG_WARN_OBJC_IMPLICIT_RETAIN_SELF = YES;
				CLANG_WARN_OBJC_LITERAL_CONVERSION = YES;
				CLANG_WARN_OBJC_ROOT_CLASS = YES_ERROR;
				CLANG_WARN_RANGE_LOOP_ANALYSIS = YES;
				CLANG_WARN_STRICT_PROTOTYPES = YES;
				CLANG_WARN_SUSPICIOUS_MOVE = YES;
				CLANG_WARN_UNGUARDED_AVAILABILITY = YES_AGGRESSIVE;
				CLANG_WARN_UNREACHABLE_CODE = YES;
				CLANG_WARN__DUPLICATE_METHOD_MATCH = YES;
				COPY_PHASE_STRIP = NO;
				DEBUG_INFORMATION_FORMAT = dwarf;
				ENABLE_STRICT_OBJC_MSGSEND = YES;
				ENABLE_TESTABILITY = YES;
				GCC_C_LANGUAGE_STANDARD = gnu11;
				GCC_DYNAMIC_NO_PIC = NO;
				GCC_NO_COMMON_BLOCKS = YES;
				GCC_OPTIMIZATION_LEVEL = 0;
				GCC_PREPROCESSOR_DEFINITIONS = (
					"DEBUG=1",
					"$(inherited)",
				);
				GCC_WARN_64_TO_32_BIT_CONVERSION = YES;
				GCC_WARN_ABOUT_RETURN_TYPE = YES_ERROR;
				GCC_WARN_UNDECLARED_SELECTOR = YES;
				GCC_WARN_UNINITIALIZED_AUTOS = YES_AGGRESSIVE;
				GCC_WARN_UNUSED_FUNCTION = YES;
				GCC_WARN_UNUSED_VARIABLE = YES;
				IPHONEOS_DEPLOYMENT_TARGET = 13.2;
				MTL_ENABLE_DEBUG_INFO = INCLUDE_SOURCE;
				MTL_FAST_MATH = YES;
				ONLY_ACTIVE_ARCH = YES;
				SDKROOT = iphoneos;
				SWIFT_ACTIVE_COMPILATION_CONDITIONS = DEBUG;
				SWIFT_OPTIMIZATION_LEVEL = "-Onone";
			};
			name = Debug;
		};
		8DF27573246BEC3F00F9ECDC /* Release */ = {
			isa = XCBuildConfiguration;
			buildSettings = {
				ALWAYS_SEARCH_USER_PATHS = NO;
				CLANG_ANALYZER_NONNULL = YES;
				CLANG_ANALYZER_NUMBER_OBJECT_CONVERSION = YES_AGGRESSIVE;
				CLANG_CXX_LANGUAGE_STANDARD = "gnu++14";
				CLANG_CXX_LIBRARY = "libc++";
				CLANG_ENABLE_MODULES = YES;
				CLANG_ENABLE_OBJC_ARC = YES;
				CLANG_ENABLE_OBJC_WEAK = YES;
				CLANG_WARN_BLOCK_CAPTURE_AUTORELEASING = YES;
				CLANG_WARN_BOOL_CONVERSION = YES;
				CLANG_WARN_COMMA = YES;
				CLANG_WARN_CONSTANT_CONVERSION = YES;
				CLANG_WARN_DEPRECATED_OBJC_IMPLEMENTATIONS = YES;
				CLANG_WARN_DIRECT_OBJC_ISA_USAGE = YES_ERROR;
				CLANG_WARN_DOCUMENTATION_COMMENTS = YES;
				CLANG_WARN_EMPTY_BODY = YES;
				CLANG_WARN_ENUM_CONVERSION = YES;
				CLANG_WARN_INFINITE_RECURSION = YES;
				CLANG_WARN_INT_CONVERSION = YES;
				CLANG_WARN_NON_LITERAL_NULL_CONVERSION = YES;
				CLANG_WARN_OBJC_IMPLICIT_RETAIN_SELF = YES;
				CLANG_WARN_OBJC_LITERAL_CONVERSION = YES;
				CLANG_WARN_OBJC_ROOT_CLASS = YES_ERROR;
				CLANG_WARN_RANGE_LOOP_ANALYSIS = YES;
				CLANG_WARN_STRICT_PROTOTYPES = YES;
				CLANG_WARN_SUSPICIOUS_MOVE = YES;
				CLANG_WARN_UNGUARDED_AVAILABILITY = YES_AGGRESSIVE;
				CLANG_WARN_UNREACHABLE_CODE = YES;
				CLANG_WARN__DUPLICATE_METHOD_MATCH = YES;
				COPY_PHASE_STRIP = NO;
				DEBUG_INFORMATION_FORMAT = "dwarf-with-dsym";
				ENABLE_NS_ASSERTIONS = NO;
				ENABLE_STRICT_OBJC_MSGSEND = YES;
				GCC_C_LANGUAGE_STANDARD = gnu11;
				GCC_NO_COMMON_BLOCKS = YES;
				GCC_WARN_64_TO_32_BIT_CONVERSION = YES;
				GCC_WARN_ABOUT_RETURN_TYPE = YES_ERROR;
				GCC_WARN_UNDECLARED_SELECTOR = YES;
				GCC_WARN_UNINITIALIZED_AUTOS = YES_AGGRESSIVE;
				GCC_WARN_UNUSED_FUNCTION = YES;
				GCC_WARN_UNUSED_VARIABLE = YES;
				IPHONEOS_DEPLOYMENT_TARGET = 13.2;
				MTL_ENABLE_DEBUG_INFO = NO;
				MTL_FAST_MATH = YES;
				SDKROOT = iphoneos;
				SWIFT_COMPILATION_MODE = wholemodule;
				SWIFT_OPTIMIZATION_LEVEL = "-O";
				VALIDATE_PRODUCT = YES;
			};
			name = Release;
		};
		8DF27575246BEC3F00F9ECDC /* Debug */ = {
			isa = XCBuildConfiguration;
			buildSettings = {
				ASSETCATALOG_COMPILER_APPICON_NAME = AppIcon;
				CODE_SIGN_ENTITLEMENTS = "News Update/News Update.entitlements";
				CODE_SIGN_STYLE = Automatic;
				DERIVE_MACCATALYST_PRODUCT_BUNDLE_IDENTIFIER = YES;
				DEVELOPMENT_ASSET_PATHS = "\"News Update/Preview Content\"";
				DEVELOPMENT_TEAM = RUB4B337P3;
				ENABLE_PREVIEWS = YES;
				INFOPLIST_FILE = "News Update/Info.plist";
				LD_RUNPATH_SEARCH_PATHS = (
					"$(inherited)",
					"@executable_path/Frameworks",
				);
				PRODUCT_BUNDLE_IDENTIFIER = "com.kruthika.News-Update";
				PRODUCT_NAME = "$(TARGET_NAME)";
				SUPPORTS_MACCATALYST = YES;
				SWIFT_VERSION = 5.0;
				TARGETED_DEVICE_FAMILY = "1,2";
			};
			name = Debug;
		};
		8DF27576246BEC3F00F9ECDC /* Release */ = {
			isa = XCBuildConfiguration;
			buildSettings = {
				ASSETCATALOG_COMPILER_APPICON_NAME = AppIcon;
				CODE_SIGN_ENTITLEMENTS = "News Update/News Update.entitlements";
				CODE_SIGN_STYLE = Automatic;
				DERIVE_MACCATALYST_PRODUCT_BUNDLE_IDENTIFIER = YES;
				DEVELOPMENT_ASSET_PATHS = "\"News Update/Preview Content\"";
				DEVELOPMENT_TEAM = RUB4B337P3;
				ENABLE_PREVIEWS = YES;
				INFOPLIST_FILE = "News Update/Info.plist";
				LD_RUNPATH_SEARCH_PATHS = (
					"$(inherited)",
					"@executable_path/Frameworks",
				);
				PRODUCT_BUNDLE_IDENTIFIER = "com.kruthika.News-Update";
				PRODUCT_NAME = "$(TARGET_NAME)";
				SUPPORTS_MACCATALYST = YES;
				SWIFT_VERSION = 5.0;
				TARGETED_DEVICE_FAMILY = "1,2";
			};
			name = Release;
		};
/* End XCBuildConfiguration section */

/* Begin XCConfigurationList section */
		8DF2755B246BEC3E00F9ECDC /* Build configuration list for PBXProject "News Update" */ = {
			isa = XCConfigurationList;
			buildConfigurations = (
				8DF27572246BEC3F00F9ECDC /* Debug */,
				8DF27573246BEC3F00F9ECDC /* Release */,
			);
			defaultConfigurationIsVisible = 0;
			defaultConfigurationName = Release;
		};
		8DF27574246BEC3F00F9ECDC /* Build configuration list for PBXNativeTarget "News Update" */ = {
			isa = XCConfigurationList;
			buildConfigurations = (
				8DF27575246BEC3F00F9ECDC /* Debug */,
				8DF27576246BEC3F00F9ECDC /* Release */,
			);
			defaultConfigurationIsVisible = 0;
			defaultConfigurationName = Release;
		};
/* End XCConfigurationList section */
	};
	rootObject = 8DF27558246BEC3E00F9ECDC /* Project object */;
}
